// !$*UTF8*$!
{
	archiveVersion = 1;
	classes = {
	};
	objectVersion = 50;
	objects = {

/* Begin PBXBuildFile section */
		47713789263B718F002CB891 /* AlarmCoreData.xcdatamodeld in Sources */ = {isa = PBXBuildFile; fileRef = 47713787263B718F002CB891 /* AlarmCoreData.xcdatamodeld */; };
		4771378F263B71E2002CB891 /* Alarm+Convenience.swift in Sources */ = {isa = PBXBuildFile; fileRef = 4771378E263B71E2002CB891 /* Alarm+Convenience.swift */; };
		47713791263B7204002CB891 /* CoreDataStack.swift in Sources */ = {isa = PBXBuildFile; fileRef = 47713790263B7204002CB891 /* CoreDataStack.swift */; };
		47713798263B726F002CB891 /* AppDelegate.swift in Sources */ = {isa = PBXBuildFile; fileRef = 47713794263B726E002CB891 /* AppDelegate.swift */; };
		4771379A263B726F002CB891 /* SceneDelegate.swift in Sources */ = {isa = PBXBuildFile; fileRef = 47713796263B726F002CB891 /* SceneDelegate.swift */; };
		477137A1263B743C002CB891 /* AlarmListTableViewController.swift in Sources */ = {isa = PBXBuildFile; fileRef = 477137A0263B743C002CB891 /* AlarmListTableViewController.swift */; };
		477137A3263B74CC002CB891 /* AlarmDetailTableViewController.swift in Sources */ = {isa = PBXBuildFile; fileRef = 477137A2263B74CC002CB891 /* AlarmDetailTableViewController.swift */; };
		477137A5263B74F9002CB891 /* AlarmTableViewCell.swift in Sources */ = {isa = PBXBuildFile; fileRef = 477137A4263B74F9002CB891 /* AlarmTableViewCell.swift */; };
		477137A9263B758A002CB891 /* AlarmScheduler.swift in Sources */ = {isa = PBXBuildFile; fileRef = 477137A8263B758A002CB891 /* AlarmScheduler.swift */; };
		477137AB263B75CF002CB891 /* DateHelper.swift in Sources */ = {isa = PBXBuildFile; fileRef = 477137AA263B75CF002CB891 /* DateHelper.swift */; };
		477137AD263B75F6002CB891 /* AlarmController.swift in Sources */ = {isa = PBXBuildFile; fileRef = 477137AC263B75F6002CB891 /* AlarmController.swift */; };
		4781A388263B919E0069C20E /* Assets.xcassets in Resources */ = {isa = PBXBuildFile; fileRef = 4781A387263B919E0069C20E /* Assets.xcassets */; };
/* End PBXBuildFile section */

/* Begin PBXFileReference section */
		4771377A263B7003002CB891 /* LaunchScreen.storyboard */ = {isa = PBXFileReference; lastKnownFileType = file.storyboard; path = LaunchScreen.storyboard; sourceTree = "<group>"; };
		4771377B263B7003002CB891 /* Main.storyboard */ = {isa = PBXFileReference; lastKnownFileType = file.storyboard; path = Main.storyboard; sourceTree = "<group>"; };
		47713788263B718F002CB891 /* AlarmCoreData.xcdatamodel */ = {isa = PBXFileReference; lastKnownFileType = wrapper.xcdatamodel; path = AlarmCoreData.xcdatamodel; sourceTree = "<group>"; };
		4771378E263B71E2002CB891 /* Alarm+Convenience.swift */ = {isa = PBXFileReference; lastKnownFileType = sourcecode.swift; path = "Alarm+Convenience.swift"; sourceTree = "<group>"; };
		47713790263B7204002CB891 /* CoreDataStack.swift */ = {isa = PBXFileReference; lastKnownFileType = sourcecode.swift; path = CoreDataStack.swift; sourceTree = "<group>"; };
		47713793263B726E002CB891 /* Info.plist */ = {isa = PBXFileReference; fileEncoding = 4; lastKnownFileType = text.plist.xml; path = Info.plist; sourceTree = "<group>"; };
		47713794263B726E002CB891 /* AppDelegate.swift */ = {isa = PBXFileReference; fileEncoding = 4; lastKnownFileType = sourcecode.swift; path = AppDelegate.swift; sourceTree = "<group>"; };
		47713796263B726F002CB891 /* SceneDelegate.swift */ = {isa = PBXFileReference; fileEncoding = 4; lastKnownFileType = sourcecode.swift; path = SceneDelegate.swift; sourceTree = "<group>"; };
		477137A0263B743C002CB891 /* AlarmListTableViewController.swift */ = {isa = PBXFileReference; lastKnownFileType = sourcecode.swift; path = AlarmListTableViewController.swift; sourceTree = "<group>"; };
		477137A2263B74CC002CB891 /* AlarmDetailTableViewController.swift */ = {isa = PBXFileReference; lastKnownFileType = sourcecode.swift; path = AlarmDetailTableViewController.swift; sourceTree = "<group>"; };
		477137A4263B74F9002CB891 /* AlarmTableViewCell.swift */ = {isa = PBXFileReference; lastKnownFileType = sourcecode.swift; path = AlarmTableViewCell.swift; sourceTree = "<group>"; };
		477137A8263B758A002CB891 /* AlarmScheduler.swift */ = {isa = PBXFileReference; lastKnownFileType = sourcecode.swift; path = AlarmScheduler.swift; sourceTree = "<group>"; };
		477137AA263B75CF002CB891 /* DateHelper.swift */ = {isa = PBXFileReference; lastKnownFileType = sourcecode.swift; path = DateHelper.swift; sourceTree = "<group>"; };
		477137AC263B75F6002CB891 /* AlarmController.swift */ = {isa = PBXFileReference; lastKnownFileType = sourcecode.swift; path = AlarmController.swift; sourceTree = "<group>"; };
		4781A385263B91990069C20E /* Info.plist */ = {isa = PBXFileReference; fileEncoding = 4; lastKnownFileType = text.plist.xml; path = Info.plist; sourceTree = "<group>"; };
		4781A387263B919E0069C20E /* Assets.xcassets */ = {isa = PBXFileReference; lastKnownFileType = folder.assetcatalog; path = Assets.xcassets; sourceTree = "<group>"; };
		4781A389263B91B00069C20E /* Assets.xcassets */ = {isa = PBXFileReference; lastKnownFileType = folder.assetcatalog; path = Assets.xcassets; sourceTree = "<group>"; };
		FBF66FD625B755D40038F7AC /* AlarmCoreData.app */ = {isa = PBXFileReference; explicitFileType = wrapper.application; includeInIndex = 0; path = AlarmCoreData.app; sourceTree = BUILT_PRODUCTS_DIR; };
/* End PBXFileReference section */

/* Begin PBXFrameworksBuildPhase section */
		FBF66FD325B755D40038F7AC /* Frameworks */ = {
			isa = PBXFrameworksBuildPhase;
			buildActionMask = 2147483647;
			files = (
			);
			runOnlyForDeploymentPostprocessing = 0;
		};
/* End PBXFrameworksBuildPhase section */

/* Begin PBXGroup section */
		47713779263B7003002CB891 /* Storyboards */ = {
			isa = PBXGroup;
			children = (
				4771377A263B7003002CB891 /* LaunchScreen.storyboard */,
				4771377B263B7003002CB891 /* Main.storyboard */,
			);
			path = Storyboards;
			sourceTree = "<group>";
		};
		47713786263B7183002CB891 /* CoreData */ = {
			isa = PBXGroup;
			children = (
				47713787263B718F002CB891 /* AlarmCoreData.xcdatamodeld */,
				4771378E263B71E2002CB891 /* Alarm+Convenience.swift */,
				47713790263B7204002CB891 /* CoreDataStack.swift */,
			);
			path = CoreData;
			sourceTree = "<group>";
		};
		47713792263B725D002CB891 /* Resources */ = {
			isa = PBXGroup;
			children = (
				4781A387263B919E0069C20E /* Assets.xcassets */,
				4781A389263B91B00069C20E /* Assets.xcassets */,
				4781A385263B91990069C20E /* Info.plist */,
				47713794263B726E002CB891 /* AppDelegate.swift */,
				47713793263B726E002CB891 /* Info.plist */,
				47713796263B726F002CB891 /* SceneDelegate.swift */,
			);
			path = Resources;
			sourceTree = "<group>";
		};
		4771379B263B7312002CB891 /* Controllers */ = {
			isa = PBXGroup;
			children = (
				4771379D263B7321002CB891 /* Model Controllers */,
				4771379C263B7318002CB891 /* View Controllers */,
			);
			path = Controllers;
			sourceTree = "<group>";
		};
		4771379C263B7318002CB891 /* View Controllers */ = {
			isa = PBXGroup;
			children = (
				477137A4263B74F9002CB891 /* AlarmTableViewCell.swift */,
				477137A0263B743C002CB891 /* AlarmListTableViewController.swift */,
				477137A2263B74CC002CB891 /* AlarmDetailTableViewController.swift */,
			);
			path = "View Controllers";
			sourceTree = "<group>";
		};
		4771379D263B7321002CB891 /* Model Controllers */ = {
			isa = PBXGroup;
			children = (
				477137AC263B75F6002CB891 /* AlarmController.swift */,
			);
			path = "Model Controllers";
			sourceTree = "<group>";
		};
		4771379E263B7341002CB891 /* Views */ = {
			isa = PBXGroup;
			children = (
				47713779263B7003002CB891 /* Storyboards */,
			);
			path = Views;
			sourceTree = "<group>";
		};
		477137A6263B7566002CB891 /* Helper and extension */ = {
			isa = PBXGroup;
			children = (
				477137AA263B75CF002CB891 /* DateHelper.swift */,
				477137A7263B7573002CB891 /* Custom Protocols */,
			);
			path = "Helper and extension";
			sourceTree = "<group>";
		};
		477137A7263B7573002CB891 /* Custom Protocols */ = {
			isa = PBXGroup;
			children = (
				477137A8263B758A002CB891 /* AlarmScheduler.swift */,
			);
			path = "Custom Protocols";
			sourceTree = "<group>";
		};
		FBF66FCD25B755D40038F7AC = {
			isa = PBXGroup;
			children = (
				FBF66FD825B755D40038F7AC /* AlarmCoreData */,
				FBF66FD725B755D40038F7AC /* Products */,
			);
			sourceTree = "<group>";
		};
		FBF66FD725B755D40038F7AC /* Products */ = {
			isa = PBXGroup;
			children = (
				FBF66FD625B755D40038F7AC /* AlarmCoreData.app */,
			);
			name = Products;
			sourceTree = "<group>";
		};
		FBF66FD825B755D40038F7AC /* AlarmCoreData */ = {
			isa = PBXGroup;
			children = (
				477137A6263B7566002CB891 /* Helper and extension */,
				4771379E263B7341002CB891 /* Views */,
				4771379B263B7312002CB891 /* Controllers */,
				47713792263B725D002CB891 /* Resources */,
				47713786263B7183002CB891 /* CoreData */,
			);
			path = AlarmCoreData;
			sourceTree = "<group>";
		};
/* End PBXGroup section */

/* Begin PBXNativeTarget section */
		FBF66FD525B755D40038F7AC /* AlarmCoreData */ = {
			isa = PBXNativeTarget;
			buildConfigurationList = FBF66FED25B755D60038F7AC /* Build configuration list for PBXNativeTarget "AlarmCoreData" */;
			buildPhases = (
				FBF66FD225B755D40038F7AC /* Sources */,
				FBF66FD325B755D40038F7AC /* Frameworks */,
				FBF66FD425B755D40038F7AC /* Resources */,
			);
			buildRules = (
			);
			dependencies = (
			);
			name = AlarmCoreData;
			productName = AlarmCoreData;
			productReference = FBF66FD625B755D40038F7AC /* AlarmCoreData.app */;
			productType = "com.apple.product-type.application";
		};
/* End PBXNativeTarget section */

/* Begin PBXProject section */
		FBF66FCE25B755D40038F7AC /* Project object */ = {
			isa = PBXProject;
			attributes = {
				LastSwiftUpdateCheck = 1230;
				LastUpgradeCheck = 1230;
				TargetAttributes = {
					FBF66FD525B755D40038F7AC = {
						CreatedOnToolsVersion = 12.3;
					};
				};
			};
			buildConfigurationList = FBF66FD125B755D40038F7AC /* Build configuration list for PBXProject "AlarmCoreData" */;
			compatibilityVersion = "Xcode 9.3";
			developmentRegion = en;
			hasScannedForEncodings = 0;
			knownRegions = (
				en,
				Base,
			);
			mainGroup = FBF66FCD25B755D40038F7AC;
			productRefGroup = FBF66FD725B755D40038F7AC /* Products */;
			projectDirPath = "";
			projectRoot = "";
			targets = (
				FBF66FD525B755D40038F7AC /* AlarmCoreData */,
			);
		};
/* End PBXProject section */

/* Begin PBXResourcesBuildPhase section */
		FBF66FD425B755D40038F7AC /* Resources */ = {
			isa = PBXResourcesBuildPhase;
			buildActionMask = 2147483647;
			files = (
				4781A388263B919E0069C20E /* Assets.xcassets in Resources */,
			);
			runOnlyForDeploymentPostprocessing = 0;
		};
/* End PBXResourcesBuildPhase section */

/* Begin PBXSourcesBuildPhase section */
		FBF66FD225B755D40038F7AC /* Sources */ = {
			isa = PBXSourcesBuildPhase;
			buildActionMask = 2147483647;
			files = (
				4771379A263B726F002CB891 /* SceneDelegate.swift in Sources */,
				477137A1263B743C002CB891 /* AlarmListTableViewController.swift in Sources */,
				477137AD263B75F6002CB891 /* AlarmController.swift in Sources */,
				47713798263B726F002CB891 /* AppDelegate.swift in Sources */,
				477137A5263B74F9002CB891 /* AlarmTableViewCell.swift in Sources */,
				477137A3263B74CC002CB891 /* AlarmDetailTableViewController.swift in Sources */,
				477137AB263B75CF002CB891 /* DateHelper.swift in Sources */,
				47713789263B718F002CB891 /* AlarmCoreData.xcdatamodeld in Sources */,
				477137A9263B758A002CB891 /* AlarmScheduler.swift in Sources */,
				4771378F263B71E2002CB891 /* Alarm+Convenience.swift in Sources */,
				47713791263B7204002CB891 /* CoreDataStack.swift in Sources */,
			);
			runOnlyForDeploymentPostprocessing = 0;
		};
/* End PBXSourcesBuildPhase section */

/* Begin XCBuildConfiguration section */
		FBF66FEB25B755D60038F7AC /* Debug */ = {
			isa = XCBuildConfiguration;
			buildSettings = {
				ALWAYS_SEARCH_USER_PATHS = NO;
				CLANG_ANALYZER_NONNULL = YES;
				CLANG_ANALYZER_NUMBER_OBJECT_CONVERSION = YES_AGGRESSIVE;
				CLANG_CXX_LANGUAGE_STANDARD = "gnu++14";
				CLANG_CXX_LIBRARY = "libc++";
				CLANG_ENABLE_MODULES = YES;
				CLANG_ENABLE_OBJC_ARC = YES;
				CLANG_ENABLE_OBJC_WEAK = YES;
				CLANG_WARN_BLOCK_CAPTURE_AUTORELEASING = YES;
				CLANG_WARN_BOOL_CONVERSION = YES;
				CLANG_WARN_COMMA = YES;
				CLANG_WARN_CONSTANT_CONVERSION = YES;
				CLANG_WARN_DEPRECATED_OBJC_IMPLEMENTATIONS = YES;
				CLANG_WARN_DIRECT_OBJC_ISA_USAGE = YES_ERROR;
				CLANG_WARN_DOCUMENTATION_COMMENTS = YES;
				CLANG_WARN_EMPTY_BODY = YES;
				CLANG_WARN_ENUM_CONVERSION = YES;
				CLANG_WARN_INFINITE_RECURSION = YES;
				CLANG_WARN_INT_CONVERSION = YES;
				CLANG_WARN_NON_LITERAL_NULL_CONVERSION = YES;
				CLANG_WARN_OBJC_IMPLICIT_RETAIN_SELF = YES;
				CLANG_WARN_OBJC_LITERAL_CONVERSION = YES;
				CLANG_WARN_OBJC_ROOT_CLASS = YES_ERROR;
				CLANG_WARN_QUOTED_INCLUDE_IN_FRAMEWORK_HEADER = YES;
				CLANG_WARN_RANGE_LOOP_ANALYSIS = YES;
				CLANG_WARN_STRICT_PROTOTYPES = YES;
				CLANG_WARN_SUSPICIOUS_MOVE = YES;
				CLANG_WARN_UNGUARDED_AVAILABILITY = YES_AGGRESSIVE;
				CLANG_WARN_UNREACHABLE_CODE = YES;
				CLANG_WARN__DUPLICATE_METHOD_MATCH = YES;
				COPY_PHASE_STRIP = NO;
				DEBUG_INFORMATION_FORMAT = dwarf;
				ENABLE_STRICT_OBJC_MSGSEND = YES;
				ENABLE_TESTABILITY = YES;
				GCC_C_LANGUAGE_STANDARD = gnu11;
				GCC_DYNAMIC_NO_PIC = NO;
				GCC_NO_COMMON_BLOCKS = YES;
				GCC_OPTIMIZATION_LEVEL = 0;
				GCC_PREPROCESSOR_DEFINITIONS = (
					"DEBUG=1",
					"$(inherited)",
				);
				GCC_WARN_64_TO_32_BIT_CONVERSION = YES;
				GCC_WARN_ABOUT_RETURN_TYPE = YES_ERROR;
				GCC_WARN_UNDECLARED_SELECTOR = YES;
				GCC_WARN_UNINITIALIZED_AUTOS = YES_AGGRESSIVE;
				GCC_WARN_UNUSED_FUNCTION = YES;
				GCC_WARN_UNUSED_VARIABLE = YES;
				IPHONEOS_DEPLOYMENT_TARGET = 14.3;
				MTL_ENABLE_DEBUG_INFO = INCLUDE_SOURCE;
				MTL_FAST_MATH = YES;
				ONLY_ACTIVE_ARCH = YES;
				SDKROOT = iphoneos;
				SWIFT_ACTIVE_COMPILATION_CONDITIONS = DEBUG;
				SWIFT_OPTIMIZATION_LEVEL = "-Onone";
			};
			name = Debug;
		};
		FBF66FEC25B755D60038F7AC /* Release */ = {
			isa = XCBuildConfiguration;
			buildSettings = {
				ALWAYS_SEARCH_USER_PATHS = NO;
				CLANG_ANALYZER_NONNULL = YES;
				CLANG_ANALYZER_NUMBER_OBJECT_CONVERSION = YES_AGGRESSIVE;
				CLANG_CXX_LANGUAGE_STANDARD = "gnu++14";
				CLANG_CXX_LIBRARY = "libc++";
				CLANG_ENABLE_MODULES = YES;
				CLANG_ENABLE_OBJC_ARC = YES;
				CLANG_ENABLE_OBJC_WEAK = YES;
				CLANG_WARN_BLOCK_CAPTURE_AUTORELEASING = YES;
				CLANG_WARN_BOOL_CONVERSION = YES;
				CLANG_WARN_COMMA = YES;
				CLANG_WARN_CONSTANT_CONVERSION = YES;
				CLANG_WARN_DEPRECATED_OBJC_IMPLEMENTATIONS = YES;
				CLANG_WARN_DIRECT_OBJC_ISA_USAGE = YES_ERROR;
				CLANG_WARN_DOCUMENTATION_COMMENTS = YES;
				CLANG_WARN_EMPTY_BODY = YES;
				CLANG_WARN_ENUM_CONVERSION = YES;
				CLANG_WARN_INFINITE_RECURSION = YES;
				CLANG_WARN_INT_CONVERSION = YES;
				CLANG_WARN_NON_LITERAL_NULL_CONVERSION = YES;
				CLANG_WARN_OBJC_IMPLICIT_RETAIN_SELF = YES;
				CLANG_WARN_OBJC_LITERAL_CONVERSION = YES;
				CLANG_WARN_OBJC_ROOT_CLASS = YES_ERROR;
				CLANG_WARN_QUOTED_INCLUDE_IN_FRAMEWORK_HEADER = YES;
				CLANG_WARN_RANGE_LOOP_ANALYSIS = YES;
				CLANG_WARN_STRICT_PROTOTYPES = YES;
				CLANG_WARN_SUSPICIOUS_MOVE = YES;
				CLANG_WARN_UNGUARDED_AVAILABILITY = YES_AGGRESSIVE;
				CLANG_WARN_UNREACHABLE_CODE = YES;
				CLANG_WARN__DUPLICATE_METHOD_MATCH = YES;
				COPY_PHASE_STRIP = NO;
				DEBUG_INFORMATION_FORMAT = "dwarf-with-dsym";
				ENABLE_NS_ASSERTIONS = NO;
				ENABLE_STRICT_OBJC_MSGSEND = YES;
				GCC_C_LANGUAGE_STANDARD = gnu11;
				GCC_NO_COMMON_BLOCKS = YES;
				GCC_WARN_64_TO_32_BIT_CONVERSION = YES;
				GCC_WARN_ABOUT_RETURN_TYPE = YES_ERROR;
				GCC_WARN_UNDECLARED_SELECTOR = YES;
				GCC_WARN_UNINITIALIZED_AUTOS = YES_AGGRESSIVE;
				GCC_WARN_UNUSED_FUNCTION = YES;
				GCC_WARN_UNUSED_VARIABLE = YES;
				IPHONEOS_DEPLOYMENT_TARGET = 14.3;
				MTL_ENABLE_DEBUG_INFO = NO;
				MTL_FAST_MATH = YES;
				SDKROOT = iphoneos;
				SWIFT_COMPILATION_MODE = wholemodule;
				SWIFT_OPTIMIZATION_LEVEL = "-O";
				VALIDATE_PRODUCT = YES;
			};
			name = Release;
		};
		FBF66FEE25B755D60038F7AC /* Debug */ = {
			isa = XCBuildConfiguration;
			buildSettings = {
				ASSETCATALOG_COMPILER_APPICON_NAME = AppIcon;
				ASSETCATALOG_COMPILER_GLOBAL_ACCENT_COLOR_NAME = AccentColor;
				CODE_SIGN_STYLE = Automatic;
				DEVELOPMENT_TEAM = 4J7B9732LY;
				INFOPLIST_FILE = AlarmCoreData/Resources/Info.plist;
				LD_RUNPATH_SEARCH_PATHS = (
					"$(inherited)",
					"@executable_path/Frameworks",
				);
				PRODUCT_BUNDLE_IDENTIFIER = devmountain.com.AlarmCoreData;
				PRODUCT_NAME = "$(TARGET_NAME)";
				SWIFT_VERSION = 5.0;
				TARGETED_DEVICE_FAMILY = "1,2";
			};
			name = Debug;
		};
		FBF66FEF25B755D60038F7AC /* Release */ = {
			isa = XCBuildConfiguration;
			buildSettings = {
				ASSETCATALOG_COMPILER_APPICON_NAME = AppIcon;
				ASSETCATALOG_COMPILER_GLOBAL_ACCENT_COLOR_NAME = AccentColor;
				CODE_SIGN_STYLE = Automatic;
				DEVELOPMENT_TEAM = 4J7B9732LY;
				INFOPLIST_FILE = AlarmCoreData/Resources/Info.plist;
				LD_RUNPATH_SEARCH_PATHS = (
					"$(inherited)",
					"@executable_path/Frameworks",
				);
				PRODUCT_BUNDLE_IDENTIFIER = devmountain.com.AlarmCoreData;
				PRODUCT_NAME = "$(TARGET_NAME)";
				SWIFT_VERSION = 5.0;
				TARGETED_DEVICE_FAMILY = "1,2";
			};
			name = Release;
		};
/* End XCBuildConfiguration section */

/* Begin XCConfigurationList section */
		FBF66FD125B755D40038F7AC /* Build configuration list for PBXProject "AlarmCoreData" */ = {
			isa = XCConfigurationList;
			buildConfigurations = (
				FBF66FEB25B755D60038F7AC /* Debug */,
				FBF66FEC25B755D60038F7AC /* Release */,
			);
			defaultConfigurationIsVisible = 0;
			defaultConfigurationName = Release;
		};
		FBF66FED25B755D60038F7AC /* Build configuration list for PBXNativeTarget "AlarmCoreData" */ = {
			isa = XCConfigurationList;
			buildConfigurations = (
				FBF66FEE25B755D60038F7AC /* Debug */,
				FBF66FEF25B755D60038F7AC /* Release */,
			);
			defaultConfigurationIsVisible = 0;
			defaultConfigurationName = Release;
		};
/* End XCConfigurationList section */

/* Begin XCVersionGroup section */
		47713787263B718F002CB891 /* AlarmCoreData.xcdatamodeld */ = {
			isa = XCVersionGroup;
			children = (
				47713788263B718F002CB891 /* AlarmCoreData.xcdatamodel */,
			);
			currentVersion = 47713788263B718F002CB891 /* AlarmCoreData.xcdatamodel */;
			name = AlarmCoreData.xcdatamodeld;
			path = ../AlarmCoreData.xcdatamodeld;
			sourceTree = "<group>";
			versionGroupType = wrapper.xcdatamodel;
		};
/* End XCVersionGroup section */
	};
	rootObject = FBF66FCE25B755D40038F7AC /* Project object */;
}
